// !$*UTF8*$!
{
	archiveVersion = 1;
	classes = {
	};
	objectVersion = 55;
	objects = {

/* Begin PBXBuildFile section */
		854FD47128C2427B002C8298 /* twitter_cloneApp.swift in Sources */ = {isa = PBXBuildFile; fileRef = 854FD47028C2427B002C8298 /* twitter_cloneApp.swift */; };
		854FD47328C2427B002C8298 /* ContentView.swift in Sources */ = {isa = PBXBuildFile; fileRef = 854FD47228C2427B002C8298 /* ContentView.swift */; };
		854FD47528C2427E002C8298 /* Assets.xcassets in Resources */ = {isa = PBXBuildFile; fileRef = 854FD47428C2427E002C8298 /* Assets.xcassets */; };
		854FD47828C2427E002C8298 /* Preview Assets.xcassets in Resources */ = {isa = PBXBuildFile; fileRef = 854FD47728C2427E002C8298 /* Preview Assets.xcassets */; };
		854FD48A28C24402002C8298 /* FeedView.swift in Sources */ = {isa = PBXBuildFile; fileRef = 854FD48928C24402002C8298 /* FeedView.swift */; };
		854FD48E28C66003002C8298 /* TweetRowView.swift in Sources */ = {isa = PBXBuildFile; fileRef = 854FD48D28C66003002C8298 /* TweetRowView.swift */; };
		854FD49128C66CC5002C8298 /* MainTabView.swift in Sources */ = {isa = PBXBuildFile; fileRef = 854FD49028C66CC5002C8298 /* MainTabView.swift */; };
		854FD49928C67165002C8298 /* ExploreView.swift in Sources */ = {isa = PBXBuildFile; fileRef = 854FD49828C67165002C8298 /* ExploreView.swift */; };
		854FD49B28C6718C002C8298 /* NotificationView.swift in Sources */ = {isa = PBXBuildFile; fileRef = 854FD49A28C6718C002C8298 /* NotificationView.swift */; };
		854FD49D28C671AD002C8298 /* MessagesView.swift in Sources */ = {isa = PBXBuildFile; fileRef = 854FD49C28C671AD002C8298 /* MessagesView.swift */; };
		854FD4A128C7A344002C8298 /* ProfileView.swift in Sources */ = {isa = PBXBuildFile; fileRef = 854FD4A028C7A344002C8298 /* ProfileView.swift */; };
/* End PBXBuildFile section */

/* Begin PBXFileReference section */
		854FD46D28C2427B002C8298 /* twitter-clone.app */ = {isa = PBXFileReference; explicitFileType = wrapper.application; includeInIndex = 0; path = "twitter-clone.app"; sourceTree = BUILT_PRODUCTS_DIR; };
		854FD47028C2427B002C8298 /* twitter_cloneApp.swift */ = {isa = PBXFileReference; lastKnownFileType = sourcecode.swift; path = twitter_cloneApp.swift; sourceTree = "<group>"; };
		854FD47228C2427B002C8298 /* ContentView.swift */ = {isa = PBXFileReference; lastKnownFileType = sourcecode.swift; path = ContentView.swift; sourceTree = "<group>"; };
		854FD47428C2427E002C8298 /* Assets.xcassets */ = {isa = PBXFileReference; lastKnownFileType = folder.assetcatalog; path = Assets.xcassets; sourceTree = "<group>"; };
		854FD47728C2427E002C8298 /* Preview Assets.xcassets */ = {isa = PBXFileReference; lastKnownFileType = folder.assetcatalog; path = "Preview Assets.xcassets"; sourceTree = "<group>"; };
		854FD48928C24402002C8298 /* FeedView.swift */ = {isa = PBXFileReference; lastKnownFileType = sourcecode.swift; path = FeedView.swift; sourceTree = "<group>"; };
		854FD48B28C246FC002C8298 /* README.md */ = {isa = PBXFileReference; lastKnownFileType = net.daringfireball.markdown; path = README.md; sourceTree = "<group>"; };
		854FD48D28C66003002C8298 /* TweetRowView.swift */ = {isa = PBXFileReference; lastKnownFileType = sourcecode.swift; path = TweetRowView.swift; sourceTree = "<group>"; };
		854FD49028C66CC5002C8298 /* MainTabView.swift */ = {isa = PBXFileReference; lastKnownFileType = sourcecode.swift; path = MainTabView.swift; sourceTree = "<group>"; };
		854FD49828C67165002C8298 /* ExploreView.swift */ = {isa = PBXFileReference; lastKnownFileType = sourcecode.swift; path = ExploreView.swift; sourceTree = "<group>"; };
		854FD49A28C6718C002C8298 /* NotificationView.swift */ = {isa = PBXFileReference; lastKnownFileType = sourcecode.swift; path = NotificationView.swift; sourceTree = "<group>"; };
		854FD49C28C671AD002C8298 /* MessagesView.swift */ = {isa = PBXFileReference; lastKnownFileType = sourcecode.swift; path = MessagesView.swift; sourceTree = "<group>"; };
		854FD4A028C7A344002C8298 /* ProfileView.swift */ = {isa = PBXFileReference; lastKnownFileType = sourcecode.swift; path = ProfileView.swift; sourceTree = "<group>"; };
/* End PBXFileReference section */

/* Begin PBXFrameworksBuildPhase section */
		854FD46A28C2427B002C8298 /* Frameworks */ = {
			isa = PBXFrameworksBuildPhase;
			buildActionMask = 2147483647;
			files = (
			);
			runOnlyForDeploymentPostprocessing = 0;
		};
/* End PBXFrameworksBuildPhase section */

/* Begin PBXGroup section */
		854FD46428C2427B002C8298 = {
			isa = PBXGroup;
			children = (
				854FD46F28C2427B002C8298 /* twitter-clone */,
				854FD48B28C246FC002C8298 /* README.md */,
				854FD46E28C2427B002C8298 /* Products */,
			);
			sourceTree = "<group>";
		};
		854FD46E28C2427B002C8298 /* Products */ = {
			isa = PBXGroup;
			children = (
				854FD46D28C2427B002C8298 /* twitter-clone.app */,
			);
			name = Products;
			sourceTree = "<group>";
		};
		854FD46F28C2427B002C8298 /* twitter-clone */ = {
			isa = PBXGroup;
			children = (
				854FD48228C242D3002C8298 /* Extensions */,
				854FD48028C242CF002C8298 /* Model */,
				854FD47E28C242C1002C8298 /* Services */,
				854FD48128C242D1002C8298 /* Core */,
				854FD47028C2427B002C8298 /* twitter_cloneApp.swift */,
				854FD47228C2427B002C8298 /* ContentView.swift */,
				854FD47428C2427E002C8298 /* Assets.xcassets */,
				854FD47628C2427E002C8298 /* Preview Content */,
			);
			path = "twitter-clone";
			sourceTree = "<group>";
		};
		854FD47628C2427E002C8298 /* Preview Content */ = {
			isa = PBXGroup;
			children = (
				854FD47728C2427E002C8298 /* Preview Assets.xcassets */,
			);
			path = "Preview Content";
			sourceTree = "<group>";
		};
		854FD47E28C242C1002C8298 /* Services */ = {
			isa = PBXGroup;
			children = (
			);
			path = Services;
			sourceTree = "<group>";
		};
		854FD48028C242CF002C8298 /* Model */ = {
			isa = PBXGroup;
			children = (
			);
			path = Model;
			sourceTree = "<group>";
		};
		854FD48128C242D1002C8298 /* Core */ = {
			isa = PBXGroup;
			children = (
				854FD48428C24331002C8298 /* Components */,
				854FD49728C670A8002C8298 /* Profile */,
				854FD49628C67075002C8298 /* Explore */,
				854FD49528C67073002C8298 /* Notification */,
				854FD49228C67066002C8298 /* Messages */,
				854FD48F28C66C99002C8298 /* MainTab */,
				854FD48328C2432E002C8298 /* Feed */,
			);
			path = Core;
			sourceTree = "<group>";
		};
		854FD48228C242D3002C8298 /* Extensions */ = {
			isa = PBXGroup;
			children = (
			);
			path = Extensions;
			sourceTree = "<group>";
		};
		854FD48328C2432E002C8298 /* Feed */ = {
			isa = PBXGroup;
			children = (
				854FD48628C24395002C8298 /* ViewModels */,
				854FD48528C24393002C8298 /* View */,
			);
			path = Feed;
			sourceTree = "<group>";
		};
		854FD48428C24331002C8298 /* Components */ = {
			isa = PBXGroup;
			children = (
				854FD48C28C65FD7002C8298 /* Tweets */,
			);
			path = Components;
			sourceTree = "<group>";
		};
		854FD48528C24393002C8298 /* View */ = {
			isa = PBXGroup;
			children = (
				854FD48928C24402002C8298 /* FeedView.swift */,
			);
			path = View;
			sourceTree = "<group>";
		};
		854FD48628C24395002C8298 /* ViewModels */ = {
			isa = PBXGroup;
			children = (
			);
			path = ViewModels;
			sourceTree = "<group>";
		};
		854FD48C28C65FD7002C8298 /* Tweets */ = {
			isa = PBXGroup;
			children = (
				854FD48D28C66003002C8298 /* TweetRowView.swift */,
			);
			path = Tweets;
			sourceTree = "<group>";
		};
		854FD48F28C66C99002C8298 /* MainTab */ = {
			isa = PBXGroup;
			children = (
				854FD49028C66CC5002C8298 /* MainTabView.swift */,
			);
			path = MainTab;
			sourceTree = "<group>";
		};
		854FD49228C67066002C8298 /* Messages */ = {
			isa = PBXGroup;
			children = (
				854FD49C28C671AD002C8298 /* MessagesView.swift */,
			);
			path = Messages;
			sourceTree = "<group>";
		};
		854FD49528C67073002C8298 /* Notification */ = {
			isa = PBXGroup;
			children = (
				854FD49A28C6718C002C8298 /* NotificationView.swift */,
			);
			path = Notification;
			sourceTree = "<group>";
		};
		854FD49628C67075002C8298 /* Explore */ = {
			isa = PBXGroup;
			children = (
				854FD49828C67165002C8298 /* ExploreView.swift */,
			);
			path = Explore;
			sourceTree = "<group>";
		};
		854FD49728C670A8002C8298 /* Profile */ = {
			isa = PBXGroup;
			children = (
				854FD49F28C7A322002C8298 /* ViewModels */,
				854FD49E28C7A300002C8298 /* Views */,
			);
			path = Profile;
			sourceTree = "<group>";
		};
		854FD49E28C7A300002C8298 /* Views */ = {
			isa = PBXGroup;
			children = (
				854FD4A028C7A344002C8298 /* ProfileView.swift */,
			);
			path = Views;
			sourceTree = "<group>";
		};
		854FD49F28C7A322002C8298 /* ViewModels */ = {
			isa = PBXGroup;
			children = (
			);
			path = ViewModels;
			sourceTree = "<group>";
		};
/* End PBXGroup section */

/* Begin PBXNativeTarget section */
		854FD46C28C2427B002C8298 /* twitter-clone */ = {
			isa = PBXNativeTarget;
			buildConfigurationList = 854FD47B28C2427E002C8298 /* Build configuration list for PBXNativeTarget "twitter-clone" */;
			buildPhases = (
				854FD46928C2427B002C8298 /* Sources */,
				854FD46A28C2427B002C8298 /* Frameworks */,
				854FD46B28C2427B002C8298 /* Resources */,
			);
			buildRules = (
			);
			dependencies = (
			);
			name = "twitter-clone";
			productName = "twitter-clone";
			productReference = 854FD46D28C2427B002C8298 /* twitter-clone.app */;
			productType = "com.apple.product-type.application";
		};
/* End PBXNativeTarget section */

/* Begin PBXProject section */
		854FD46528C2427B002C8298 /* Project object */ = {
			isa = PBXProject;
			attributes = {
				BuildIndependentTargetsInParallel = 1;
				LastSwiftUpdateCheck = 1320;
				LastUpgradeCheck = 1320;
				TargetAttributes = {
					854FD46C28C2427B002C8298 = {
						CreatedOnToolsVersion = 13.2.1;
					};
				};
			};
			buildConfigurationList = 854FD46828C2427B002C8298 /* Build configuration list for PBXProject "twitter-clone" */;
			compatibilityVersion = "Xcode 13.0";
			developmentRegion = en;
			hasScannedForEncodings = 0;
			knownRegions = (
				en,
				Base,
			);
			mainGroup = 854FD46428C2427B002C8298;
			productRefGroup = 854FD46E28C2427B002C8298 /* Products */;
			projectDirPath = "";
			projectRoot = "";
			targets = (
				854FD46C28C2427B002C8298 /* twitter-clone */,
			);
		};
/* End PBXProject section */

/* Begin PBXResourcesBuildPhase section */
		854FD46B28C2427B002C8298 /* Resources */ = {
			isa = PBXResourcesBuildPhase;
			buildActionMask = 2147483647;
			files = (
				854FD47828C2427E002C8298 /* Preview Assets.xcassets in Resources */,
				854FD47528C2427E002C8298 /* Assets.xcassets in Resources */,
			);
			runOnlyForDeploymentPostprocessing = 0;
		};
/* End PBXResourcesBuildPhase section */

/* Begin PBXSourcesBuildPhase section */
		854FD46928C2427B002C8298 /* Sources */ = {
			isa = PBXSourcesBuildPhase;
			buildActionMask = 2147483647;
			files = (
				854FD49D28C671AD002C8298 /* MessagesView.swift in Sources */,
				854FD4A128C7A344002C8298 /* ProfileView.swift in Sources */,
				854FD47328C2427B002C8298 /* ContentView.swift in Sources */,
				854FD48E28C66003002C8298 /* TweetRowView.swift in Sources */,
				854FD49B28C6718C002C8298 /* NotificationView.swift in Sources */,
				854FD48A28C24402002C8298 /* FeedView.swift in Sources */,
				854FD47128C2427B002C8298 /* twitter_cloneApp.swift in Sources */,
				854FD49928C67165002C8298 /* ExploreView.swift in Sources */,
				854FD49128C66CC5002C8298 /* MainTabView.swift in Sources */,
			);
			runOnlyForDeploymentPostprocessing = 0;
		};
/* End PBXSourcesBuildPhase section */

/* Begin XCBuildConfiguration section */
		854FD47928C2427E002C8298 /* Debug */ = {
			isa = XCBuildConfiguration;
			buildSettings = {
				ALWAYS_SEARCH_USER_PATHS = NO;
				CLANG_ANALYZER_NONNULL = YES;
				CLANG_ANALYZER_NUMBER_OBJECT_CONVERSION = YES_AGGRESSIVE;
				CLANG_CXX_LANGUAGE_STANDARD = "gnu++17";
				CLANG_CXX_LIBRARY = "libc++";
				CLANG_ENABLE_MODULES = YES;
				CLANG_ENABLE_OBJC_ARC = YES;
				CLANG_ENABLE_OBJC_WEAK = YES;
				CLANG_WARN_BLOCK_CAPTURE_AUTORELEASING = YES;
				CLANG_WARN_BOOL_CONVERSION = YES;
				CLANG_WARN_COMMA = YES;
				CLANG_WARN_CONSTANT_CONVERSION = YES;
				CLANG_WARN_DEPRECATED_OBJC_IMPLEMENTATIONS = YES;
				CLANG_WARN_DIRECT_OBJC_ISA_USAGE = YES_ERROR;
				CLANG_WARN_DOCUMENTATION_COMMENTS = YES;
				CLANG_WARN_EMPTY_BODY = YES;
				CLANG_WARN_ENUM_CONVERSION = YES;
				CLANG_WARN_INFINITE_RECURSION = YES;
				CLANG_WARN_INT_CONVERSION = YES;
				CLANG_WARN_NON_LITERAL_NULL_CONVERSION = YES;
				CLANG_WARN_OBJC_IMPLICIT_RETAIN_SELF = YES;
				CLANG_WARN_OBJC_LITERAL_CONVERSION = YES;
				CLANG_WARN_OBJC_ROOT_CLASS = YES_ERROR;
				CLANG_WARN_QUOTED_INCLUDE_IN_FRAMEWORK_HEADER = YES;
				CLANG_WARN_RANGE_LOOP_ANALYSIS = YES;
				CLANG_WARN_STRICT_PROTOTYPES = YES;
				CLANG_WARN_SUSPICIOUS_MOVE = YES;
				CLANG_WARN_UNGUARDED_AVAILABILITY = YES_AGGRESSIVE;
				CLANG_WARN_UNREACHABLE_CODE = YES;
				CLANG_WARN__DUPLICATE_METHOD_MATCH = YES;
				COPY_PHASE_STRIP = NO;
				DEBUG_INFORMATION_FORMAT = dwarf;
				ENABLE_STRICT_OBJC_MSGSEND = YES;
				ENABLE_TESTABILITY = YES;
				GCC_C_LANGUAGE_STANDARD = gnu11;
				GCC_DYNAMIC_NO_PIC = NO;
				GCC_NO_COMMON_BLOCKS = YES;
				GCC_OPTIMIZATION_LEVEL = 0;
				GCC_PREPROCESSOR_DEFINITIONS = (
					"DEBUG=1",
					"$(inherited)",
				);
				GCC_WARN_64_TO_32_BIT_CONVERSION = YES;
				GCC_WARN_ABOUT_RETURN_TYPE = YES_ERROR;
				GCC_WARN_UNDECLARED_SELECTOR = YES;
				GCC_WARN_UNINITIALIZED_AUTOS = YES_AGGRESSIVE;
				GCC_WARN_UNUSED_FUNCTION = YES;
				GCC_WARN_UNUSED_VARIABLE = YES;
				IPHONEOS_DEPLOYMENT_TARGET = 15.2;
				MTL_ENABLE_DEBUG_INFO = INCLUDE_SOURCE;
				MTL_FAST_MATH = YES;
				ONLY_ACTIVE_ARCH = YES;
				SDKROOT = iphoneos;
				SWIFT_ACTIVE_COMPILATION_CONDITIONS = DEBUG;
				SWIFT_OPTIMIZATION_LEVEL = "-Onone";
			};
			name = Debug;
		};
		854FD47A28C2427E002C8298 /* Release */ = {
			isa = XCBuildConfiguration;
			buildSettings = {
				ALWAYS_SEARCH_USER_PATHS = NO;
				CLANG_ANALYZER_NONNULL = YES;
				CLANG_ANALYZER_NUMBER_OBJECT_CONVERSION = YES_AGGRESSIVE;
				CLANG_CXX_LANGUAGE_STANDARD = "gnu++17";
				CLANG_CXX_LIBRARY = "libc++";
				CLANG_ENABLE_MODULES = YES;
				CLANG_ENABLE_OBJC_ARC = YES;
				CLANG_ENABLE_OBJC_WEAK = YES;
				CLANG_WARN_BLOCK_CAPTURE_AUTORELEASING = YES;
				CLANG_WARN_BOOL_CONVERSION = YES;
				CLANG_WARN_COMMA = YES;
				CLANG_WARN_CONSTANT_CONVERSION = YES;
				CLANG_WARN_DEPRECATED_OBJC_IMPLEMENTATIONS = YES;
				CLANG_WARN_DIRECT_OBJC_ISA_USAGE = YES_ERROR;
				CLANG_WARN_DOCUMENTATION_COMMENTS = YES;
				CLANG_WARN_EMPTY_BODY = YES;
				CLANG_WARN_ENUM_CONVERSION = YES;
				CLANG_WARN_INFINITE_RECURSION = YES;
				CLANG_WARN_INT_CONVERSION = YES;
				CLANG_WARN_NON_LITERAL_NULL_CONVERSION = YES;
				CLANG_WARN_OBJC_IMPLICIT_RETAIN_SELF = YES;
				CLANG_WARN_OBJC_LITERAL_CONVERSION = YES;
				CLANG_WARN_OBJC_ROOT_CLASS = YES_ERROR;
				CLANG_WARN_QUOTED_INCLUDE_IN_FRAMEWORK_HEADER = YES;
				CLANG_WARN_RANGE_LOOP_ANALYSIS = YES;
				CLANG_WARN_STRICT_PROTOTYPES = YES;
				CLANG_WARN_SUSPICIOUS_MOVE = YES;
				CLANG_WARN_UNGUARDED_AVAILABILITY = YES_AGGRESSIVE;
				CLANG_WARN_UNREACHABLE_CODE = YES;
				CLANG_WARN__DUPLICATE_METHOD_MATCH = YES;
				COPY_PHASE_STRIP = NO;
				DEBUG_INFORMATION_FORMAT = "dwarf-with-dsym";
				ENABLE_NS_ASSERTIONS = NO;
				ENABLE_STRICT_OBJC_MSGSEND = YES;
				GCC_C_LANGUAGE_STANDARD = gnu11;
				GCC_NO_COMMON_BLOCKS = YES;
				GCC_WARN_64_TO_32_BIT_CONVERSION = YES;
				GCC_WARN_ABOUT_RETURN_TYPE = YES_ERROR;
				GCC_WARN_UNDECLARED_SELECTOR = YES;
				GCC_WARN_UNINITIALIZED_AUTOS = YES_AGGRESSIVE;
				GCC_WARN_UNUSED_FUNCTION = YES;
				GCC_WARN_UNUSED_VARIABLE = YES;
				IPHONEOS_DEPLOYMENT_TARGET = 15.2;
				MTL_ENABLE_DEBUG_INFO = NO;
				MTL_FAST_MATH = YES;
				SDKROOT = iphoneos;
				SWIFT_COMPILATION_MODE = wholemodule;
				SWIFT_OPTIMIZATION_LEVEL = "-O";
				VALIDATE_PRODUCT = YES;
			};
			name = Release;
		};
		854FD47C28C2427E002C8298 /* Debug */ = {
			isa = XCBuildConfiguration;
			buildSettings = {
				ASSETCATALOG_COMPILER_APPICON_NAME = AppIcon;
				ASSETCATALOG_COMPILER_GLOBAL_ACCENT_COLOR_NAME = AccentColor;
				CODE_SIGN_STYLE = Automatic;
				CURRENT_PROJECT_VERSION = 1;
				DEVELOPMENT_ASSET_PATHS = "\"twitter-clone/Preview Content\"";
				DEVELOPMENT_TEAM = VN8FP763KG;
				ENABLE_PREVIEWS = YES;
				GENERATE_INFOPLIST_FILE = YES;
				INFOPLIST_KEY_UIApplicationSceneManifest_Generation = YES;
				INFOPLIST_KEY_UIApplicationSupportsIndirectInputEvents = YES;
				INFOPLIST_KEY_UILaunchScreen_Generation = YES;
				INFOPLIST_KEY_UISupportedInterfaceOrientations_iPad = "UIInterfaceOrientationPortrait UIInterfaceOrientationPortraitUpsideDown UIInterfaceOrientationLandscapeLeft UIInterfaceOrientationLandscapeRight";
				INFOPLIST_KEY_UISupportedInterfaceOrientations_iPhone = "UIInterfaceOrientationPortrait UIInterfaceOrientationLandscapeLeft UIInterfaceOrientationLandscapeRight";
				LD_RUNPATH_SEARCH_PATHS = (
					"$(inherited)",
					"@executable_path/Frameworks",
				);
				MARKETING_VERSION = 1.0;
				PRODUCT_BUNDLE_IDENTIFIER = "huygur.twitter-clone";
				PRODUCT_NAME = "$(TARGET_NAME)";
				SWIFT_EMIT_LOC_STRINGS = YES;
				SWIFT_VERSION = 5.0;
				TARGETED_DEVICE_FAMILY = "1,2";
			};
			name = Debug;
		};
		854FD47D28C2427E002C8298 /* Release */ = {
			isa = XCBuildConfiguration;
			buildSettings = {
				ASSETCATALOG_COMPILER_APPICON_NAME = AppIcon;
				ASSETCATALOG_COMPILER_GLOBAL_ACCENT_COLOR_NAME = AccentColor;
				CODE_SIGN_STYLE = Automatic;
				CURRENT_PROJECT_VERSION = 1;
				DEVELOPMENT_ASSET_PATHS = "\"twitter-clone/Preview Content\"";
				DEVELOPMENT_TEAM = VN8FP763KG;
				ENABLE_PREVIEWS = YES;
				GENERATE_INFOPLIST_FILE = YES;
				INFOPLIST_KEY_UIApplicationSceneManifest_Generation = YES;
				INFOPLIST_KEY_UIApplicationSupportsIndirectInputEvents = YES;
				INFOPLIST_KEY_UILaunchScreen_Generation = YES;
				INFOPLIST_KEY_UISupportedInterfaceOrientations_iPad = "UIInterfaceOrientationPortrait UIInterfaceOrientationPortraitUpsideDown UIInterfaceOrientationLandscapeLeft UIInterfaceOrientationLandscapeRight";
				INFOPLIST_KEY_UISupportedInterfaceOrientations_iPhone = "UIInterfaceOrientationPortrait UIInterfaceOrientationLandscapeLeft UIInterfaceOrientationLandscapeRight";
				LD_RUNPATH_SEARCH_PATHS = (
					"$(inherited)",
					"@executable_path/Frameworks",
				);
				MARKETING_VERSION = 1.0;
				PRODUCT_BUNDLE_IDENTIFIER = "huygur.twitter-clone";
				PRODUCT_NAME = "$(TARGET_NAME)";
				SWIFT_EMIT_LOC_STRINGS = YES;
				SWIFT_VERSION = 5.0;
				TARGETED_DEVICE_FAMILY = "1,2";
			};
			name = Release;
		};
/* End XCBuildConfiguration section */

/* Begin XCConfigurationList section */
		854FD46828C2427B002C8298 /* Build configuration list for PBXProject "twitter-clone" */ = {
			isa = XCConfigurationList;
			buildConfigurations = (
				854FD47928C2427E002C8298 /* Debug */,
				854FD47A28C2427E002C8298 /* Release */,
			);
			defaultConfigurationIsVisible = 0;
			defaultConfigurationName = Release;
		};
		854FD47B28C2427E002C8298 /* Build configuration list for PBXNativeTarget "twitter-clone" */ = {
			isa = XCConfigurationList;
			buildConfigurations = (
				854FD47C28C2427E002C8298 /* Debug */,
				854FD47D28C2427E002C8298 /* Release */,
			);
			defaultConfigurationIsVisible = 0;
			defaultConfigurationName = Release;
		};
/* End XCConfigurationList section */
	};
	rootObject = 854FD46528C2427B002C8298 /* Project object */;
}
